github.com/anatol/vmtest v0.0.0-20201214200054-5b4319ace2f0 h1:B8TRoIqx3f/kI2QLKOUd/oPaNXrNBMkpCZXkUYZz6Ek=
github.com/anatol/vmtest v0.0.0-20201214200054-5b4319ace2f0/go.mod h1:EWbYrKMDMxiKbQjI7z6GO7yABGxqRkU3+slxy/avES8=
github.com/kballard/go-shellquote v0.0.0-20180428030007-95032a82bc51 h1:Z9n2FFNUXsshfwJMBgNA0RU6/i7WVaAegv3PtuIHPMs=
github.com/kballard/go-shellquote v0.0.0-20180428030007-95032a82bc51/go.mod h1:CzGEWj7cYgsdH8dAjBGEr58BoE7ScuLd+fwFZ44+/x8=
github.com/tmc/scp v0.0.0-20170824174625-f7b48647feef h1:7D6Nm4D6f0ci9yttWaKjM1TMAXrH5Su72dojqYGntFY=
github.com/tmc/scp v0.0.0-20170824174625-f7b48647feef/go.mod h1:WLFStEdnJXpjK8kd4qKLwQKX/1vrDzp5BcDyiZJBHJM=
github.com/tych0/go-losetup v0.0.0-20170407175016-fc9adea44124 h1:68tEIQQiIEryVFTXWfoDyVWQPUXXO/CKXwK1mNCWnvo=
github.com/tych0/go-losetup v0.0.0-20170407175016-fc9adea44124/go.mod h1:cdWJrB+PcHXXfp97Gizi9FJNWfNLgO6pt4CgxWpVA5Q=
golang.org/x/crypto v0.0.0-20190308221718-c2843e01d9a2/go.mod h1:djNgcEr1/C05ACkg1iLfiJU5Ep61QUkGW8qpdssI0+w=
golang.org/x/crypto v0.0.0-20201208171446-5f87f3452ae9 h1:sYNJzB4J8toYPQTM6pAkcmBRgw9SnQKP9oXCHfgy604=
golang.org/x/crypto v0.0.0-20201208171446-5f87f3452ae9/go.mod h1:jdWPYTVW3xRLrWPugEBEK3UY2ZEsg3UU495nc5E+M+I=
golang.org/x/net v0.0.0-20190404232315-eb5bcb51f2a3/go.mod h1:t9HGtf8HONx5eT2rtn7q6eTqICYqUVnKs3thJo3Qplg=
golang.org/x/sys v0.0.0-20190215142949-d0b11bdaac8a/go.mod h1:STP8DvDyc/dI5b8T5hshtkjS+E42TnysNCUPdjciGhY=
golang.org/x/sys v0.0.0-20191026070338-33540a1f6037/go.mod h1:h1NjWce9XRLGQEsW7wpKNCjG9DtNlClVuFLEZdDNbEs=
golang.org/x/sys v0.0.0-20201109165425-215b40eba54c/go.mod h1:h1NjWce9XRLGQEsW7wpKNCjG9DtNlClVuFLEZdDNbEs=
golang.org/x/sys v0.0.0-20201214095126-aec9a390925b h1:tv7/y4pd+sR8bcNb2D6o7BNU6zjWm0VjQLac+w7fNNM=
golang.org/x/sys v0.0.0-20201214095126-aec9a390925b/go.mod h1:h1NjWce9XRLGQEsW7wpKNCjG9DtNlClVuFLEZdDNbEs=
golang.org/x/term v0.0.0-20201117132131-f5c789dd3221 h1:/ZHdbVpdR/jk3g30/d4yUL0JU9kksj8+F/bnQUVLGDM=
golang.org/x/term v0.0.0-20201117132131-f5c789dd3221/go.mod h1:Nr5EML6q2oocZ2LXRh80K7BxOlk5/8JxuGnuhpl+muw=
golang.org/x/text v0.3.0/go.mod h1:NqM8EUOU14njkJ3fqMW+pc6Ldnwhi/IjpwHt7yyuwOQ=
